<?xml version="1.0" encoding="utf-8"?>
<Project ToolsVersion="4.0" xmlns="http://schemas.microsoft.com/developer/msbuild/2003">
  <ItemGroup>
    <Filter Include="Source Files">
      <UniqueIdentifier>{4FC737F1-C7A5-4376-A066-2A32D752A2FF}</UniqueIdentifier>
      <Extensions>cpp;c;cc;cxx;def;odl;idl;hpj;bat;asm;asmx</Extensions>
    </Filter>
    <Filter Include="Header Files">
      <UniqueIdentifier>{93995380-89BD-4b04-88EB-625FBE52EBFB}</UniqueIdentifier>
      <Extensions>h;hh;hpp;hxx;hm;inl;inc;xsd</Extensions>
    </Filter>
    <Filter Include="Resource Files">
      <UniqueIdentifier>{67DA6AB6-F800-4c08-8B7A-83BB121AAD01}</UniqueIdentifier>
      <Extensions>rc;ico;cur;bmp;dlg;rc2;rct;bin;rgs;gif;jpg;jpeg;jpe;resx;tiff;tif;png;wav;mfcribbon-ms</Extensions>
    </Filter>
    <Filter Include="wm">
      <UniqueIdentifier>{47fb5acf-c680-4c8b-9521-8547dc4ea35b}</UniqueIdentifier>
    </Filter>
    <Filter Include="menu">
      <UniqueIdentifier>{1b5d90fa-adf0-4890-97e4-55d076098c34}</UniqueIdentifier>
    </Filter>
    <Filter Include="data">
      <UniqueIdentifier>{54348b8b-fd07-427e-b436-1b3854a133cf}</UniqueIdentifier>
    </Filter>
    <Filter Include="data\shaders">
      <UniqueIdentifier>{25ca6b91-6ca8-4dba-a195-ed04f7b85995}</UniqueIdentifier>
    </Filter>
    <Filter Include="data\textures">
      <UniqueIdentifier>{772f6a1e-caa3-4b4a-81b1-eba6483452b1}</UniqueIdentifier>
    </Filter>
    <Filter Include="actions">
      <UniqueIdentifier>{18971a05-12ad-4770-82bf-3186b6575df2}</UniqueIdentifier>
    </Filter>
  </ItemGroup>
  <ItemGroup>
    <ClInclude Include="TienEdit.h">
      <Filter>Header Files</Filter>
    </ClInclude>
    <ClInclude Include="wm\SplitPanel.h">
      <Filter>wm</Filter>
    </ClInclude>
    <ClInclude Include="wm\TabPanel.h">
      <Filter>wm</Filter>
    </ClInclude>
    <ClInclude Include="menu\ActionMenuItem.h">
      <Filter>menu</Filter>
    </ClInclude>
    <ClInclude Include="menu\Menu.h">
      <Filter>menu</Filter>
    </ClInclude>
    <ClInclude Include="menu\MenuItem.h">
      <Filter>menu</Filter>
    </ClInclude>
    <ClInclude Include="menu\SubMenuMenuItem.h">
      <Filter>menu</Filter>
    </ClInclude>
    <ClInclude Include="menu\ToggleMenuItem.h">
      <Filter>menu</Filter>
    </ClInclude>
    <ClInclude Include="menu\MenuOverlay.h">
      <Filter>menu</Filter>
    </ClInclude>
    <ClInclude Include="resource.h">
      <Filter>Header Files</Filter>
    </ClInclude>
    <ClInclude Include="wm\Component.h">
      <Filter>wm</Filter>
    </ClInclude>
    <ClInclude Include="wm\Tree.h">
      <Filter>wm</Filter>
    </ClInclude>
    <ClInclude Include="wm\RenderComponent.h">
      <Filter>wm</Filter>
    </ClInclude>
    <ClInclude Include="wm\Panel.h">
      <Filter>wm</Filter>
    </ClInclude>
    <ClInclude Include="wm\Label.h">
      <Filter>wm</Filter>
    </ClInclude>
    <ClInclude Include="wm\TextField.h">
      <Filter>wm</Filter>
    </ClInclude>
    <ClInclude Include="wm\CheckBox.h">
      <Filter>wm</Filter>
    </ClInclude>
    <ClInclude Include="wm\ComboBox.h">
      <Filter>wm</Filter>
    </ClInclude>
    <ClInclude Include="EditorBuilderGui.h">
      <Filter>Header Files</Filter>
    </ClInclude>
    <ClInclude Include="wm\Button.h">
      <Filter>wm</Filter>
    </ClInclude>
    <ClInclude Include="wm\Image.h">
      <Filter>wm</Filter>
    </ClInclude>
    <ClInclude Include="actions\GroupAction.h">
      <Filter>actions</Filter>
    </ClInclude>
    <ClInclude Include="actions\Action.h">
      <Filter>actions</Filter>
    </ClInclude>
    <ClInclude Include="actions\SelectionChangeAction.h">
      <Filter>actions</Filter>
    </ClInclude>
    <ClInclude Include="actions\NodeMoveAction.h">
      <Filter>actions</Filter>
    </ClInclude>
    <ClInclude Include="actions\NodeNewAction.h">
      <Filter>actions</Filter>
    </ClInclude>
    <ClInclude Include="actions\NodeDeleteAction.h">
      <Filter>actions</Filter>
    </ClInclude>
    <ClInclude Include="actions\NodeScaleAction.h">
      <Filter>actions</Filter>
    </ClInclude>
    <ClInclude Include="actions\NodeRotateAction.h">
      <Filter>actions</Filter>
    </ClInclude>
    <ClInclude Include="wm\ScrollPanel.h">
      <Filter>wm</Filter>
    </ClInclude>
    <ClInclude Include="wm\Divider.h">
      <Filter>wm</Filter>
    </ClInclude>
    <ClInclude Include="BrowsePanel.h">
      <Filter>Header Files</Filter>
    </ClInclude>
  </ItemGroup>
  <ItemGroup>
    <ClCompile Include="main.cpp">
      <Filter>Source Files</Filter>
    </ClCompile>
    <ClCompile Include="TienEdit.cpp">
      <Filter>Source Files</Filter>
    </ClCompile>
    <ClCompile Include="wm\SplitPanel.cpp">
      <Filter>wm</Filter>
    </ClCompile>
    <ClCompile Include="wm\TabPanel.cpp">
      <Filter>wm</Filter>
    </ClCompile>
    <ClCompile Include="menu\Menu.cpp">
      <Filter>menu</Filter>
    </ClCompile>
    <ClCompile Include="menu\MenuItem.cpp">
      <Filter>menu</Filter>
    </ClCompile>
    <ClCompile Include="menu\SubMenuMenuItem.cpp">
      <Filter>menu</Filter>
    </ClCompile>
    <ClCompile Include="menu\MenuOverlay.cpp">
      <Filter>menu</Filter>
    </ClCompile>
    <ClCompile Include="wm\Component.cpp">
      <Filter>wm</Filter>
    </ClCompile>
    <ClCompile Include="wm\Tree.cpp">
      <Filter>wm</Filter>
    </ClCompile>
    <ClCompile Include="wm\RenderComponent.cpp">
      <Filter>wm</Filter>
    </ClCompile>
    <ClCompile Include="wm\Panel.cpp">
      <Filter>wm</Filter>
    </ClCompile>
    <ClCompile Include="wm\Label.cpp">
      <Filter>wm</Filter>
    </ClCompile>
    <ClCompile Include="wm\TextField.cpp">
      <Filter>wm</Filter>
    </ClCompile>
    <ClCompile Include="wm\CheckBox.cpp">
      <Filter>wm</Filter>
    </ClCompile>
    <ClCompile Include="wm\ComboBox.cpp">
      <Filter>wm</Filter>
    </ClCompile>
    <ClCompile Include="EditorBuilderGui.cpp">
      <Filter>Source Files</Filter>
    </ClCompile>
    <ClCompile Include="wm\Button.cpp">
      <Filter>wm</Filter>
    </ClCompile>
    <ClCompile Include="wm\Image.cpp">
      <Filter>wm</Filter>
    </ClCompile>
    <ClCompile Include="actions\Action.cpp">
      <Filter>actions</Filter>
    </ClCompile>
    <ClCompile Include="actions\GroupAction.cpp">
      <Filter>actions</Filter>
    </ClCompile>
    <ClCompile Include="actions\SelectionChangeAction.cpp">
      <Filter>actions</Filter>
    </ClCompile>
    <ClCompile Include="actions\NodeMoveAction.cpp">
      <Filter>actions</Filter>
    </ClCompile>
    <ClCompile Include="actions\NodeNewAction.cpp">
      <Filter>actions</Filter>
    </ClCompile>
    <ClCompile Include="actions\NodeDeleteAction.cpp">
      <Filter>actions</Filter>
    </ClCompile>
    <ClCompile Include="actions\NodeScaleAction.cpp">
      <Filter>actions</Filter>
    </ClCompile>
    <ClCompile Include="actions\NodeRotateAction.cpp">
      <Filter>actions</Filter>
    </ClCompile>
    <ClCompile Include="wm\ScrollPanel.cpp">
      <Filter>wm</Filter>
    </ClCompile>
    <ClCompile Include="wm\Divider.cpp">
      <Filter>wm</Filter>
    </ClCompile>
    <ClCompile Include="BrowsePanel.cpp">
      <Filter>Source Files</Filter>
    </ClCompile>
  </ItemGroup>
  <ItemGroup>
    <ResourceCompile Include="TiEnEdit.rc">
      <Filter>Resource Files</Filter>
    </ResourceCompile>
  </ItemGroup>
  <ItemGroup>
    <Image Include="editor.ico">
      <Filter>Resource Files</Filter>
    </Image>
    <Image Include="data\TiEnEdit\textures\skin.png">
      <Filter>data\textures</Filter>
    </Image>
  </ItemGroup>
  <ItemGroup>
    <None Include="data\TiEnEdit\menu.json">
      <Filter>data</Filter>
    </None>
    <None Include="data\TiEnEdit\shaders\overlay.frag">
      <Filter>data\shaders</Filter>
    </None>
    <None Include="data\TiEnEdit\shaders\overlay.vert">
      <Filter>data\shaders</Filter>
    </None>
    <None Include="data\TiEnEdit\nodemenu.json">
      <Filter>data</Filter>
    </None>
    <None Include="data\TiEnEdit\newnodemenu.json">
      <Filter>data</Filter>
    </None>
    <None Include="data\TiEnEdit\shaders\editor.vert">
      <Filter>data\shaders</Filter>
    </None>
    <None Include="data\TiEnEdit\shaders\editor.frag">
      <Filter>data\shaders</Filter>
    </None>
    <None Include="data\TiEnEdit\stubs.json">
      <Filter>data</Filter>
    </None>
    <None Include="README.md" />
  </ItemGroup>
</Project>